
Microsoft Visual Studio Solution File, Format Version 11.00
# Visual Studio 2010
Project("{FAE04EC0-301F-11D3-BF4B-00C04F79EFBC}") = "UnityEngine.UI", "UnityEngine.UI.csproj", "{6676894D-80CD-10BD-93D3-42166344A84C}"
EndProject
Project("{FAE04EC0-301F-11D3-BF4B-00C04F79EFBC}") = "UnityEngine.TestRunner", "UnityEngine.TestRunner.csproj", "{58246900-E0B7-05E2-F786-BABBB1F818D9}"
EndProject
Project("{FAE04EC0-301F-11D3-BF4B-00C04F79EFBC}") = "Assembly-CSharp", "Assembly-CSharp.csproj", "{DE3BCCC2-EACB-AB54-EBEA-39B56FC4DFBA}"
EndProject
Project("{FAE04EC0-301F-11D3-BF4B-00C04F79EFBC}") = "Unity.TextMeshPro", "Unity.TextMeshPro.csproj", "{7548CC02-7FBC-C93B-4A5A-04A2577C16C2}"
EndProject
Project("{FAE04EC0-301F-11D3-BF4B-00C04F79EFBC}") = "Unity.Timeline", "Unity.Timeline.csproj", "{99313FCE-744E-FE69-8462-5D9C45649E8F}"
EndProject
Project("{FAE04EC0-301F-11D3-BF4B-00C04F79EFBC}") = "Assembly-CSharp-firstpass", "Assembly-CSharp-firstpass.csproj", "{8FD70A77-3D36-B489-E644-9CE7D419125C}"
EndProject
Project("{FAE04EC0-301F-11D3-BF4B-00C04F79EFBC}") = "Unity.TextMeshPro.Editor", "Unity.TextMeshPro.Editor.csproj", "{03FDF52E-A507-D804-6723-95533B501956}"
EndProject
Project("{FAE04EC0-301F-11D3-BF4B-00C04F79EFBC}") = "Unity.Timeline.Editor", "Unity.Timeline.Editor.csproj", "{71A1FD09-DA48-EF89-0B2E-FDE25AD0F081}"
EndProject
Project("{FAE04EC0-301F-11D3-BF4B-00C04F79EFBC}") = "UnityEditor.TestRunner", "UnityEditor.TestRunner.csproj", "{715F5E60-2846-A03A-F647-6E523F3B5842}"
EndProject
Project("{FAE04EC0-301F-11D3-BF4B-00C04F79EFBC}") = "Assembly-CSharp-Editor-firstpass", "Assembly-CSharp-Editor-firstpass.csproj", "{3CB21D22-B9CA-A51B-BC38-EACA17311701}"
EndProject
Project("{FAE04EC0-301F-11D3-BF4B-00C04F79EFBC}") = "UnityEditor.UI", "UnityEditor.UI.csproj", "{1456E672-1021-D52C-4EDC-FA1861FD74EC}"
EndProject
Project("{FAE04EC0-301F-11D3-BF4B-00C04F79EFBC}") = "Unity.Rider.Editor", "Unity.Rider.Editor.csproj", "{66F61757-2E48-DE9F-BA43-D682ECBF2772}"
EndProject
Project("{FAE04EC0-301F-11D3-BF4B-00C04F79EFBC}") = "Unity.CollabProxy.Editor", "Unity.CollabProxy.Editor.csproj", "{9E6344D0-674C-0E75-BD92-2172E1702650}"
EndProject
Project("{FAE04EC0-301F-11D3-BF4B-00C04F79EFBC}") = "Unity.VSCode.Editor", "Unity.VSCode.Editor.csproj", "{082FC2CC-1BB2-CD3D-CF95-136F686654EE}"
EndProject
Global
	GlobalSection(SolutionConfigurationPlatforms) = preSolution
		Debug|Any CPU = Debug|Any CPU
		Release|Any CPU = Release|Any CPU
	EndGlobalSection
	GlobalSection(ProjectConfigurationPlatforms) = postSolution
		{6676894D-80CD-10BD-93D3-42166344A84C}.Debug|Any CPU.ActiveCfg = Debug|Any CPU
		{6676894D-80CD-10BD-93D3-42166344A84C}.Debug|Any CPU.Build.0 = Debug|Any CPU
		{6676894D-80CD-10BD-93D3-42166344A84C}.Release|Any CPU.ActiveCfg = Release|Any CPU
		{6676894D-80CD-10BD-93D3-42166344A84C}.Release|Any CPU.Build.0 = Release|Any CPU
		{58246900-E0B7-05E2-F786-BABBB1F818D9}.Debug|Any CPU.ActiveCfg = Debug|Any CPU
		{58246900-E0B7-05E2-F786-BABBB1F818D9}.Debug|Any CPU.Build.0 = Debug|Any CPU
		{58246900-E0B7-05E2-F786-BABBB1F818D9}.Release|Any CPU.ActiveCfg = Release|Any CPU
		{58246900-E0B7-05E2-F786-BABBB1F818D9}.Release|Any CPU.Build.0 = Release|Any CPU
		{DE3BCCC2-EACB-AB54-EBEA-39B56FC4DFBA}.Debug|Any CPU.ActiveCfg = Debug|Any CPU
		{DE3BCCC2-EACB-AB54-EBEA-39B56FC4DFBA}.Debug|Any CPU.Build.0 = Debug|Any CPU
		{DE3BCCC2-EACB-AB54-EBEA-39B56FC4DFBA}.Release|Any CPU.ActiveCfg = Release|Any CPU
		{DE3BCCC2-EACB-AB54-EBEA-39B56FC4DFBA}.Release|Any CPU.Build.0 = Release|Any CPU
		{7548CC02-7FBC-C93B-4A5A-04A2577C16C2}.Debug|Any CPU.ActiveCfg = Debug|Any CPU
		{7548CC02-7FBC-C93B-4A5A-04A2577C16C2}.Debug|Any CPU.Build.0 = Debug|Any CPU
		{7548CC02-7FBC-C93B-4A5A-04A2577C16C2}.Release|Any CPU.ActiveCfg = Release|Any CPU
		{7548CC02-7FBC-C93B-4A5A-04A2577C16C2}.Release|Any CPU.Build.0 = Release|Any CPU
		{99313FCE-744E-FE69-8462-5D9C45649E8F}.Debug|Any CPU.ActiveCfg = Debug|Any CPU
		{99313FCE-744E-FE69-8462-5D9C45649E8F}.Debug|Any CPU.Build.0 = Debug|Any CPU
		{99313FCE-744E-FE69-8462-5D9C45649E8F}.Release|Any CPU.ActiveCfg = Release|Any CPU
		{99313FCE-744E-FE69-8462-5D9C45649E8F}.Release|Any CPU.Build.0 = Release|Any CPU
		{8FD70A77-3D36-B489-E644-9CE7D419125C}.Debug|Any CPU.ActiveCfg = Debug|Any CPU
		{8FD70A77-3D36-B489-E644-9CE7D419125C}.Debug|Any CPU.Build.0 = Debug|Any CPU
		{8FD70A77-3D36-B489-E644-9CE7D419125C}.Release|Any CPU.ActiveCfg = Release|Any CPU
		{8FD70A77-3D36-B489-E644-9CE7D419125C}.Release|Any CPU.Build.0 = Release|Any CPU
		{03FDF52E-A507-D804-6723-95533B501956}.Debug|Any CPU.ActiveCfg = Debug|Any CPU
		{03FDF52E-A507-D804-6723-95533B501956}.Debug|Any CPU.Build.0 = Debug|Any CPU
		{03FDF52E-A507-D804-6723-95533B501956}.Release|Any CPU.ActiveCfg = Release|Any CPU
		{03FDF52E-A507-D804-6723-95533B501956}.Release|Any CPU.Build.0 = Release|Any CPU
		{71A1FD09-DA48-EF89-0B2E-FDE25AD0F081}.Debug|Any CPU.ActiveCfg = Debug|Any CPU
		{71A1FD09-DA48-EF89-0B2E-FDE25AD0F081}.Debug|Any CPU.Build.0 = Debug|Any CPU
		{71A1FD09-DA48-EF89-0B2E-FDE25AD0F081}.Release|Any CPU.ActiveCfg = Release|Any CPU
		{71A1FD09-DA48-EF89-0B2E-FDE25AD0F081}.Release|Any CPU.Build.0 = Release|Any CPU
		{715F5E60-2846-A03A-F647-6E523F3B5842}.Debug|Any CPU.ActiveCfg = Debug|Any CPU
		{715F5E60-2846-A03A-F647-6E523F3B5842}.Debug|Any CPU.Build.0 = Debug|Any CPU
		{715F5E60-2846-A03A-F647-6E523F3B5842}.Release|Any CPU.ActiveCfg = Release|Any CPU
		{715F5E60-2846-A03A-F647-6E523F3B5842}.Release|Any CPU.Build.0 = Release|Any CPU
		{3CB21D22-B9CA-A51B-BC38-EACA17311701}.Debug|Any CPU.ActiveCfg = Debug|Any CPU
		{3CB21D22-B9CA-A51B-BC38-EACA17311701}.Debug|Any CPU.Build.0 = Debug|Any CPU
		{3CB21D22-B9CA-A51B-BC38-EACA17311701}.Release|Any CPU.ActiveCfg = Release|Any CPU
		{3CB21D22-B9CA-A51B-BC38-EACA17311701}.Release|Any CPU.Build.0 = Release|Any CPU
		{1456E672-1021-D52C-4EDC-FA1861FD74EC}.Debug|Any CPU.ActiveCfg = Debug|Any CPU
		{1456E672-1021-D52C-4EDC-FA1861FD74EC}.Debug|Any CPU.Build.0 = Debug|Any CPU
		{1456E672-1021-D52C-4EDC-FA1861FD74EC}.Release|Any CPU.ActiveCfg = Release|Any CPU
		{1456E672-1021-D52C-4EDC-FA1861FD74EC}.Release|Any CPU.Build.0 = Release|Any CPU
		{66F61757-2E48-DE9F-BA43-D682ECBF2772}.Debug|Any CPU.ActiveCfg = Debug|Any CPU
		{66F61757-2E48-DE9F-BA43-D682ECBF2772}.Debug|Any CPU.Build.0 = Debug|Any CPU
		{66F61757-2E48-DE9F-BA43-D682ECBF2772}.Release|Any CPU.ActiveCfg = Release|Any CPU
		{66F61757-2E48-DE9F-BA43-D682ECBF2772}.Release|Any CPU.Build.0 = Release|Any CPU
		{9E6344D0-674C-0E75-BD92-2172E1702650}.Debug|Any CPU.ActiveCfg = Debug|Any CPU
		{9E6344D0-674C-0E75-BD92-2172E1702650}.Debug|Any CPU.Build.0 = Debug|Any CPU
		{9E6344D0-674C-0E75-BD92-2172E1702650}.Release|Any CPU.ActiveCfg = Release|Any CPU
		{9E6344D0-674C-0E75-BD92-2172E1702650}.Release|Any CPU.Build.0 = Release|Any CPU
		{082FC2CC-1BB2-CD3D-CF95-136F686654EE}.Debug|Any CPU.ActiveCfg = Debug|Any CPU
		{082FC2CC-1BB2-CD3D-CF95-136F686654EE}.Debug|Any CPU.Build.0 = Debug|Any CPU
		{082FC2CC-1BB2-CD3D-CF95-136F686654EE}.Release|Any CPU.ActiveCfg = Release|Any CPU
		{082FC2CC-1BB2-CD3D-CF95-136F686654EE}.Release|Any CPU.Build.0 = Release|Any CPU
	EndGlobalSection
	GlobalSection(SolutionProperties) = preSolution
		HideSolutionNode = FALSE
	EndGlobalSection
EndGlobal
